
Microsoft Visual Studio Solution File, Format Version 12.00
# Visual Studio Version 16
VisualStudioVersion = 16.0.31019.35
MinimumVisualStudioVersion = 10.0.40219.1
Project("{FAE04EC0-301F-11D3-BF4B-00C04F79EFBC}") = "Exequie", "Exequie\Exequie.csproj", "{FC0DA6E9-535E-489D-BBAA-193F334F3C3F}"
EndProject
Project("{FAE04EC0-301F-11D3-BF4B-00C04F79EFBC}") = "DataManager", "DataManager\DataManager.csproj", "{F92A6D2D-801B-4714-9AC1-14818F09EFAC}"
EndProject
Project("{FAE04EC0-301F-11D3-BF4B-00C04F79EFBC}") = "SesionManager", "SesionManager\SesionManager.csproj", "{B5C2F8F3-5ED0-4AEE-8410-6D33EA75E10D}"
EndProject
Project("{FAE04EC0-301F-11D3-BF4B-00C04F79EFBC}") = "CacheManager", "CacheManager\CacheManager.csproj", "{35B3B17A-2D1D-442D-B570-61C0F02A945D}"
EndProject
Project("{FAE04EC0-301F-11D3-BF4B-00C04F79EFBC}") = "Informes", "Informes\Informes.csproj", "{3E3FADEE-F82F-4FD6-BC18-8B0DCBF90459}"
EndProject
Project("{FAE04EC0-301F-11D3-BF4B-00C04F79EFBC}") = "Sistema", "Sistema\Sistema.csproj", "{BCE5BA62-D9AC-4703-9457-654EC4C6D73F}"
EndProject
Project("{FAE04EC0-301F-11D3-BF4B-00C04F79EFBC}") = "Sucursales_Modulo", "Sucursales_Modulo\Sucursales_Modulo.csproj", "{CF0BC076-A6B0-4357-B7C4-0EFFD04CE939}"
EndProject
Project("{FAE04EC0-301F-11D3-BF4B-00C04F79EFBC}") = "Personal_Modulo", "Empleados_Modulo\Personal_Modulo.csproj", "{88B3FBB4-03EE-47DE-BEB3-1124E805C0A7}"
EndProject
Project("{FAE04EC0-301F-11D3-BF4B-00C04F79EFBC}") = "Clientes_Modulo", "..\..\Downloads\Sistema-de-Control-de-Servicios-Funerarios\Sistema-de-Control-de-Servicios-Funerarios\Clientes_Modulo\Clientes_Modulo.csproj", "{F1964825-B499-4877-BB04-DCD474D71C7F}"
EndProject
Global
	GlobalSection(SolutionConfigurationPlatforms) = preSolution
		Debug|Any CPU = Debug|Any CPU
		Release|Any CPU = Release|Any CPU
	EndGlobalSection
	GlobalSection(ProjectConfigurationPlatforms) = postSolution
		{FC0DA6E9-535E-489D-BBAA-193F334F3C3F}.Debug|Any CPU.ActiveCfg = Debug|Any CPU
		{FC0DA6E9-535E-489D-BBAA-193F334F3C3F}.Debug|Any CPU.Build.0 = Debug|Any CPU
		{FC0DA6E9-535E-489D-BBAA-193F334F3C3F}.Release|Any CPU.ActiveCfg = Release|Any CPU
		{FC0DA6E9-535E-489D-BBAA-193F334F3C3F}.Release|Any CPU.Build.0 = Release|Any CPU
		{F92A6D2D-801B-4714-9AC1-14818F09EFAC}.Debug|Any CPU.ActiveCfg = Debug|Any CPU
		{F92A6D2D-801B-4714-9AC1-14818F09EFAC}.Debug|Any CPU.Build.0 = Debug|Any CPU
		{F92A6D2D-801B-4714-9AC1-14818F09EFAC}.Release|Any CPU.ActiveCfg = Release|Any CPU
		{F92A6D2D-801B-4714-9AC1-14818F09EFAC}.Release|Any CPU.Build.0 = Release|Any CPU
		{B5C2F8F3-5ED0-4AEE-8410-6D33EA75E10D}.Debug|Any CPU.ActiveCfg = Debug|Any CPU
		{B5C2F8F3-5ED0-4AEE-8410-6D33EA75E10D}.Debug|Any CPU.Build.0 = Debug|Any CPU
		{B5C2F8F3-5ED0-4AEE-8410-6D33EA75E10D}.Release|Any CPU.ActiveCfg = Release|Any CPU
		{B5C2F8F3-5ED0-4AEE-8410-6D33EA75E10D}.Release|Any CPU.Build.0 = Release|Any CPU
		{35B3B17A-2D1D-442D-B570-61C0F02A945D}.Debug|Any CPU.ActiveCfg = Debug|Any CPU
		{35B3B17A-2D1D-442D-B570-61C0F02A945D}.Debug|Any CPU.Build.0 = Debug|Any CPU
		{35B3B17A-2D1D-442D-B570-61C0F02A945D}.Release|Any CPU.ActiveCfg = Release|Any CPU
		{35B3B17A-2D1D-442D-B570-61C0F02A945D}.Release|Any CPU.Build.0 = Release|Any CPU
		{3E3FADEE-F82F-4FD6-BC18-8B0DCBF90459}.Debug|Any CPU.ActiveCfg = Debug|Any CPU
		{3E3FADEE-F82F-4FD6-BC18-8B0DCBF90459}.Debug|Any CPU.Build.0 = Debug|Any CPU
		{3E3FADEE-F82F-4FD6-BC18-8B0DCBF90459}.Release|Any CPU.ActiveCfg = Release|Any CPU
		{3E3FADEE-F82F-4FD6-BC18-8B0DCBF90459}.Release|Any CPU.Build.0 = Release|Any CPU
		{BCE5BA62-D9AC-4703-9457-654EC4C6D73F}.Debug|Any CPU.ActiveCfg = Debug|Any CPU
		{BCE5BA62-D9AC-4703-9457-654EC4C6D73F}.Debug|Any CPU.Build.0 = Debug|Any CPU
		{BCE5BA62-D9AC-4703-9457-654EC4C6D73F}.Release|Any CPU.ActiveCfg = Release|Any CPU
		{BCE5BA62-D9AC-4703-9457-654EC4C6D73F}.Release|Any CPU.Build.0 = Release|Any CPU
		{CF0BC076-A6B0-4357-B7C4-0EFFD04CE939}.Debug|Any CPU.ActiveCfg = Debug|Any CPU
		{CF0BC076-A6B0-4357-B7C4-0EFFD04CE939}.Debug|Any CPU.Build.0 = Debug|Any CPU
		{CF0BC076-A6B0-4357-B7C4-0EFFD04CE939}.Release|Any CPU.ActiveCfg = Release|Any CPU
		{CF0BC076-A6B0-4357-B7C4-0EFFD04CE939}.Release|Any CPU.Build.0 = Release|Any CPU
		{88B3FBB4-03EE-47DE-BEB3-1124E805C0A7}.Debug|Any CPU.ActiveCfg = Debug|Any CPU
		{88B3FBB4-03EE-47DE-BEB3-1124E805C0A7}.Debug|Any CPU.Build.0 = Debug|Any CPU
		{88B3FBB4-03EE-47DE-BEB3-1124E805C0A7}.Release|Any CPU.ActiveCfg = Release|Any CPU
		{88B3FBB4-03EE-47DE-BEB3-1124E805C0A7}.Release|Any CPU.Build.0 = Release|Any CPU
		{F1964825-B499-4877-BB04-DCD474D71C7F}.Debug|Any CPU.ActiveCfg = Debug|Any CPU
		{F1964825-B499-4877-BB04-DCD474D71C7F}.Debug|Any CPU.Build.0 = Debug|Any CPU
		{F1964825-B499-4877-BB04-DCD474D71C7F}.Release|Any CPU.ActiveCfg = Release|Any CPU
		{F1964825-B499-4877-BB04-DCD474D71C7F}.Release|Any CPU.Build.0 = Release|Any CPU
	EndGlobalSection
	GlobalSection(SolutionProperties) = preSolution
		HideSolutionNode = FALSE
	EndGlobalSection
	GlobalSection(ExtensibilityGlobals) = postSolution
		SolutionGuid = {AC357EC0-0FFC-4A8A-804E-E917F8E937E9}
	EndGlobalSection
EndGlobal
